
Microsoft Visual Studio Solution File, Format Version 12.00
# Visual Studio Version 17
VisualStudioVersion = 17.4.33110.190
MinimumVisualStudioVersion = 10.0.40219.1
Project("{9A19103F-16F7-4668-BE54-9A1E7A4F7556}") = "GA.Core", "GA.Core\GA.Core.csproj", "{68E44602-5C5E-41CC-AD2C-F2AEB2362178}"
EndProject
Project("{9A19103F-16F7-4668-BE54-9A1E7A4F7556}") = "GA.ConsoleApp", "GA.ConsoleTest\GA.ConsoleApp.csproj", "{897B12F5-C94D-435D-86B1-D50FBD20DD29}"
EndProject
Project("{2150E333-8FDC-42A3-9474-1A3956D46DE8}") = "GA", "GA", "{3907C8F3-A91C-4309-955D-5FF5BF45BE38}"
EndProject
Project("{2150E333-8FDC-42A3-9474-1A3956D46DE8}") = "TSP", "TSP", "{5538A471-C9CD-4CBF-BF83-DC03E23B47DC}"
EndProject
Project("{9A19103F-16F7-4668-BE54-9A1E7A4F7556}") = "TSP.Core", "TSP.Core\TSP.Core.csproj", "{DD48C4A2-C857-4E63-9DE8-FDE1DBB5858D}"
EndProject
Project("{9A19103F-16F7-4668-BE54-9A1E7A4F7556}") = "TSP.ConsoleApp", "TSP.Console\TSP.ConsoleApp.csproj", "{CE269CE0-DAE6-4914-9DC9-C2B359D773CE}"
EndProject
Project("{9A19103F-16F7-4668-BE54-9A1E7A4F7556}") = "GA.Operations", "GA.Operations\GA.Operations.csproj", "{46516E08-C664-4AAF-934C-665BB3BCBD0F}"
EndProject
Project("{9A19103F-16F7-4668-BE54-9A1E7A4F7556}") = "GA.Analytics", "GA.Analytics\GA.Analytics.csproj", "{8B8A07D1-B76C-4CF9-80D8-F918C3FE987C}"
EndProject
Project("{2150E333-8FDC-42A3-9474-1A3956D46DE8}") = "AntColony", "AntColony", "{B033BE35-F1AA-4B85-ADF0-7F3345904EEC}"
EndProject
Project("{9A19103F-16F7-4668-BE54-9A1E7A4F7556}") = "AntColony.Core", "AntColony.Core\AntColony.Core.csproj", "{4E5573CC-3EBC-447A-BE71-23B3E65885D7}"
EndProject
Project("{2150E333-8FDC-42A3-9474-1A3956D46DE8}") = "Utility", "Utility", "{4D590D62-CAEC-43C8-82C8-B436C6152E97}"
EndProject
Project("{9A19103F-16F7-4668-BE54-9A1E7A4F7556}") = "Algorithms.Utility", "Algorithms.Utility\Algorithms.Utility.csproj", "{B64C2011-2756-44CA-A6DD-C4C6E64CF30C}"
EndProject
Project("{9A19103F-16F7-4668-BE54-9A1E7A4F7556}") = "AntColony.ConsoleApp", "AntColony.ConsoleApp\AntColony.ConsoleApp.csproj", "{E6EC4D42-99B8-44FB-88A0-49D98C3C5393}"
EndProject
Project("{9A19103F-16F7-4668-BE54-9A1E7A4F7556}") = "TSP.Examples", "TSP.Examples\TSP.Examples.csproj", "{C6E4E912-130C-498F-98B7-9557751E6B49}"
EndProject
Project("{2150E333-8FDC-42A3-9474-1A3956D46DE8}") = "001.App.Desktop", "001.App.Desktop", "{57CA0C01-A65E-4F44-924A-6A1DB8C40DB6}"
EndProject
Project("{9A19103F-16F7-4668-BE54-9A1E7A4F7556}") = "TSP.Desktop", "TSP.Desktop\TSP.Desktop.csproj", "{E972CE16-F058-4F67-A318-F585D2728E24}"
EndProject
Project("{2150E333-8FDC-42A3-9474-1A3956D46DE8}") = "SOM", "SOM", "{FD4002BE-6F35-4D7B-9177-B53CBA3068E0}"
EndProject
Project("{9A19103F-16F7-4668-BE54-9A1E7A4F7556}") = "SOM", "SOM\SOM.csproj", "{E8842E3D-E1CA-4518-A3E6-3E4400ECE96F}"
EndProject
Project("{9A19103F-16F7-4668-BE54-9A1E7A4F7556}") = "Algorithms.SphereTools", "Algorithms.SphereCovering\Algorithms.SphereTools.csproj", "{F10390F1-479F-4320-9771-14D7EDA6ACC7}"
EndProject
Project("{9A19103F-16F7-4668-BE54-9A1E7A4F7556}") = "Algorithms.ConsoleApp", "Algorithms.ConsoleApp\Algorithms.ConsoleApp.csproj", "{165F6162-CDDC-4256-ADB2-A6BF8E585655}"
EndProject
Project("{FAE04EC0-301F-11D3-BF4B-00C04F79EFBC}") = "SOM.ConsoleApp", "SOM.ConsoleApp\SOM.ConsoleApp.csproj", "{E59C146F-5427-4846-A4D6-6773A61D26B2}"
EndProject
Global
	GlobalSection(SolutionConfigurationPlatforms) = preSolution
		Debug|Any CPU = Debug|Any CPU
		Release|Any CPU = Release|Any CPU
	EndGlobalSection
	GlobalSection(ProjectConfigurationPlatforms) = postSolution
		{68E44602-5C5E-41CC-AD2C-F2AEB2362178}.Debug|Any CPU.ActiveCfg = Debug|Any CPU
		{68E44602-5C5E-41CC-AD2C-F2AEB2362178}.Debug|Any CPU.Build.0 = Debug|Any CPU
		{68E44602-5C5E-41CC-AD2C-F2AEB2362178}.Release|Any CPU.ActiveCfg = Release|Any CPU
		{68E44602-5C5E-41CC-AD2C-F2AEB2362178}.Release|Any CPU.Build.0 = Release|Any CPU
		{897B12F5-C94D-435D-86B1-D50FBD20DD29}.Debug|Any CPU.ActiveCfg = Debug|Any CPU
		{897B12F5-C94D-435D-86B1-D50FBD20DD29}.Debug|Any CPU.Build.0 = Debug|Any CPU
		{897B12F5-C94D-435D-86B1-D50FBD20DD29}.Release|Any CPU.ActiveCfg = Release|Any CPU
		{897B12F5-C94D-435D-86B1-D50FBD20DD29}.Release|Any CPU.Build.0 = Release|Any CPU
		{DD48C4A2-C857-4E63-9DE8-FDE1DBB5858D}.Debug|Any CPU.ActiveCfg = Debug|Any CPU
		{DD48C4A2-C857-4E63-9DE8-FDE1DBB5858D}.Debug|Any CPU.Build.0 = Debug|Any CPU
		{DD48C4A2-C857-4E63-9DE8-FDE1DBB5858D}.Release|Any CPU.ActiveCfg = Release|Any CPU
		{DD48C4A2-C857-4E63-9DE8-FDE1DBB5858D}.Release|Any CPU.Build.0 = Release|Any CPU
		{CE269CE0-DAE6-4914-9DC9-C2B359D773CE}.Debug|Any CPU.ActiveCfg = Debug|Any CPU
		{CE269CE0-DAE6-4914-9DC9-C2B359D773CE}.Debug|Any CPU.Build.0 = Debug|Any CPU
		{CE269CE0-DAE6-4914-9DC9-C2B359D773CE}.Release|Any CPU.ActiveCfg = Release|Any CPU
		{CE269CE0-DAE6-4914-9DC9-C2B359D773CE}.Release|Any CPU.Build.0 = Release|Any CPU
		{46516E08-C664-4AAF-934C-665BB3BCBD0F}.Debug|Any CPU.ActiveCfg = Debug|Any CPU
		{46516E08-C664-4AAF-934C-665BB3BCBD0F}.Debug|Any CPU.Build.0 = Debug|Any CPU
		{46516E08-C664-4AAF-934C-665BB3BCBD0F}.Release|Any CPU.ActiveCfg = Release|Any CPU
		{46516E08-C664-4AAF-934C-665BB3BCBD0F}.Release|Any CPU.Build.0 = Release|Any CPU
		{8B8A07D1-B76C-4CF9-80D8-F918C3FE987C}.Debug|Any CPU.ActiveCfg = Debug|Any CPU
		{8B8A07D1-B76C-4CF9-80D8-F918C3FE987C}.Debug|Any CPU.Build.0 = Debug|Any CPU
		{8B8A07D1-B76C-4CF9-80D8-F918C3FE987C}.Release|Any CPU.ActiveCfg = Release|Any CPU
		{8B8A07D1-B76C-4CF9-80D8-F918C3FE987C}.Release|Any CPU.Build.0 = Release|Any CPU
		{4E5573CC-3EBC-447A-BE71-23B3E65885D7}.Debug|Any CPU.ActiveCfg = Debug|Any CPU
		{4E5573CC-3EBC-447A-BE71-23B3E65885D7}.Debug|Any CPU.Build.0 = Debug|Any CPU
		{4E5573CC-3EBC-447A-BE71-23B3E65885D7}.Release|Any CPU.ActiveCfg = Release|Any CPU
		{4E5573CC-3EBC-447A-BE71-23B3E65885D7}.Release|Any CPU.Build.0 = Release|Any CPU
		{B64C2011-2756-44CA-A6DD-C4C6E64CF30C}.Debug|Any CPU.ActiveCfg = Debug|Any CPU
		{B64C2011-2756-44CA-A6DD-C4C6E64CF30C}.Debug|Any CPU.Build.0 = Debug|Any CPU
		{B64C2011-2756-44CA-A6DD-C4C6E64CF30C}.Release|Any CPU.ActiveCfg = Release|Any CPU
		{B64C2011-2756-44CA-A6DD-C4C6E64CF30C}.Release|Any CPU.Build.0 = Release|Any CPU
		{E6EC4D42-99B8-44FB-88A0-49D98C3C5393}.Debug|Any CPU.ActiveCfg = Debug|Any CPU
		{E6EC4D42-99B8-44FB-88A0-49D98C3C5393}.Debug|Any CPU.Build.0 = Debug|Any CPU
		{E6EC4D42-99B8-44FB-88A0-49D98C3C5393}.Release|Any CPU.ActiveCfg = Release|Any CPU
		{E6EC4D42-99B8-44FB-88A0-49D98C3C5393}.Release|Any CPU.Build.0 = Release|Any CPU
		{C6E4E912-130C-498F-98B7-9557751E6B49}.Debug|Any CPU.ActiveCfg = Debug|Any CPU
		{C6E4E912-130C-498F-98B7-9557751E6B49}.Debug|Any CPU.Build.0 = Debug|Any CPU
		{C6E4E912-130C-498F-98B7-9557751E6B49}.Release|Any CPU.ActiveCfg = Release|Any CPU
		{C6E4E912-130C-498F-98B7-9557751E6B49}.Release|Any CPU.Build.0 = Release|Any CPU
		{E972CE16-F058-4F67-A318-F585D2728E24}.Debug|Any CPU.ActiveCfg = Debug|Any CPU
		{E972CE16-F058-4F67-A318-F585D2728E24}.Debug|Any CPU.Build.0 = Debug|Any CPU
		{E972CE16-F058-4F67-A318-F585D2728E24}.Release|Any CPU.ActiveCfg = Release|Any CPU
		{E972CE16-F058-4F67-A318-F585D2728E24}.Release|Any CPU.Build.0 = Release|Any CPU
		{E8842E3D-E1CA-4518-A3E6-3E4400ECE96F}.Debug|Any CPU.ActiveCfg = Debug|Any CPU
		{E8842E3D-E1CA-4518-A3E6-3E4400ECE96F}.Debug|Any CPU.Build.0 = Debug|Any CPU
		{E8842E3D-E1CA-4518-A3E6-3E4400ECE96F}.Release|Any CPU.ActiveCfg = Release|Any CPU
		{E8842E3D-E1CA-4518-A3E6-3E4400ECE96F}.Release|Any CPU.Build.0 = Release|Any CPU
		{F10390F1-479F-4320-9771-14D7EDA6ACC7}.Debug|Any CPU.ActiveCfg = Debug|Any CPU
		{F10390F1-479F-4320-9771-14D7EDA6ACC7}.Debug|Any CPU.Build.0 = Debug|Any CPU
		{F10390F1-479F-4320-9771-14D7EDA6ACC7}.Release|Any CPU.ActiveCfg = Release|Any CPU
		{F10390F1-479F-4320-9771-14D7EDA6ACC7}.Release|Any CPU.Build.0 = Release|Any CPU
		{165F6162-CDDC-4256-ADB2-A6BF8E585655}.Debug|Any CPU.ActiveCfg = Debug|Any CPU
		{165F6162-CDDC-4256-ADB2-A6BF8E585655}.Debug|Any CPU.Build.0 = Debug|Any CPU
		{165F6162-CDDC-4256-ADB2-A6BF8E585655}.Release|Any CPU.ActiveCfg = Release|Any CPU
		{165F6162-CDDC-4256-ADB2-A6BF8E585655}.Release|Any CPU.Build.0 = Release|Any CPU
		{E59C146F-5427-4846-A4D6-6773A61D26B2}.Debug|Any CPU.ActiveCfg = Debug|Any CPU
		{E59C146F-5427-4846-A4D6-6773A61D26B2}.Debug|Any CPU.Build.0 = Debug|Any CPU
		{E59C146F-5427-4846-A4D6-6773A61D26B2}.Release|Any CPU.ActiveCfg = Release|Any CPU
		{E59C146F-5427-4846-A4D6-6773A61D26B2}.Release|Any CPU.Build.0 = Release|Any CPU
	EndGlobalSection
	GlobalSection(SolutionProperties) = preSolution
		HideSolutionNode = FALSE
	EndGlobalSection
	GlobalSection(NestedProjects) = preSolution
		{68E44602-5C5E-41CC-AD2C-F2AEB2362178} = {3907C8F3-A91C-4309-955D-5FF5BF45BE38}
		{897B12F5-C94D-435D-86B1-D50FBD20DD29} = {3907C8F3-A91C-4309-955D-5FF5BF45BE38}
		{DD48C4A2-C857-4E63-9DE8-FDE1DBB5858D} = {5538A471-C9CD-4CBF-BF83-DC03E23B47DC}
		{CE269CE0-DAE6-4914-9DC9-C2B359D773CE} = {5538A471-C9CD-4CBF-BF83-DC03E23B47DC}
		{46516E08-C664-4AAF-934C-665BB3BCBD0F} = {3907C8F3-A91C-4309-955D-5FF5BF45BE38}
		{8B8A07D1-B76C-4CF9-80D8-F918C3FE987C} = {3907C8F3-A91C-4309-955D-5FF5BF45BE38}
		{4E5573CC-3EBC-447A-BE71-23B3E65885D7} = {B033BE35-F1AA-4B85-ADF0-7F3345904EEC}
		{B64C2011-2756-44CA-A6DD-C4C6E64CF30C} = {4D590D62-CAEC-43C8-82C8-B436C6152E97}
		{E6EC4D42-99B8-44FB-88A0-49D98C3C5393} = {B033BE35-F1AA-4B85-ADF0-7F3345904EEC}
		{C6E4E912-130C-498F-98B7-9557751E6B49} = {5538A471-C9CD-4CBF-BF83-DC03E23B47DC}
		{E972CE16-F058-4F67-A318-F585D2728E24} = {57CA0C01-A65E-4F44-924A-6A1DB8C40DB6}
		{E8842E3D-E1CA-4518-A3E6-3E4400ECE96F} = {FD4002BE-6F35-4D7B-9177-B53CBA3068E0}
		{F10390F1-479F-4320-9771-14D7EDA6ACC7} = {4D590D62-CAEC-43C8-82C8-B436C6152E97}
		{165F6162-CDDC-4256-ADB2-A6BF8E585655} = {4D590D62-CAEC-43C8-82C8-B436C6152E97}
		{E59C146F-5427-4846-A4D6-6773A61D26B2} = {FD4002BE-6F35-4D7B-9177-B53CBA3068E0}
	EndGlobalSection
	GlobalSection(ExtensibilityGlobals) = postSolution
		SolutionGuid = {1CCAAE3D-A406-4338-98F4-1037D354A963}
	EndGlobalSection
EndGlobal
